// !$*UTF8*$!
{
	archiveVersion = 1;
	classes = {
	};
	objectVersion = 77;
	objects = {

/* Begin PBXBuildFile section */
		6633FB4A2E81431A00720B21 /* WidgetKit.framework in Frameworks */ = {isa = PBXBuildFile; fileRef = 6633FB492E81431A00720B21 /* WidgetKit.framework */; };
		6633FB4C2E81431A00720B21 /* SwiftUI.framework in Frameworks */ = {isa = PBXBuildFile; fileRef = 6633FB4B2E81431A00720B21 /* SwiftUI.framework */; };
		6633FB5D2E81431B00720B21 /* BetterSelfWidgetExtension.appex in Embed Foundation Extensions */ = {isa = PBXBuildFile; fileRef = 6633FB472E81431A00720B21 /* BetterSelfWidgetExtension.appex */; settings = {ATTRIBUTES = (RemoveHeadersOnCopy, ); }; };
		666EFD212E77D07600F853D3 /* BetterSelfSharing.appex in Embed Foundation Extensions */ = {isa = PBXBuildFile; fileRef = 666EFD172E77D07600F853D3 /* BetterSelfSharing.appex */; settings = {ATTRIBUTES = (RemoveHeadersOnCopy, ); }; };
		6678C68D2E5453DB00C80E8F /* FirebaseAnalytics in Frameworks */ = {isa = PBXBuildFile; productRef = 6678C68C2E5453DB00C80E8F /* FirebaseAnalytics */; };
		6678C68F2E5454D200C80E8F /* FirebaseStorage in Frameworks */ = {isa = PBXBuildFile; productRef = 6678C68E2E5454D200C80E8F /* FirebaseStorage */; };
		6678C6992E545CDB00C80E8F /* FirebaseCore in Frameworks */ = {isa = PBXBuildFile; productRef = 6678C6982E545CDB00C80E8F /* FirebaseCore */; };
		668A864A2E811B23003D8DE7 /* YouTubePlayerKit in Frameworks */ = {isa = PBXBuildFile; productRef = 668A86492E811B23003D8DE7 /* YouTubePlayerKit */; };
		66A705112E79C5750007E1FE /* FirebaseAuth in Frameworks */ = {isa = PBXBuildFile; productRef = 66A705102E79C5750007E1FE /* FirebaseAuth */; };
/* End PBXBuildFile section */

/* Begin PBXContainerItemProxy section */
		6633FB5B2E81431B00720B21 /* PBXContainerItemProxy */ = {
			isa = PBXContainerItemProxy;
			containerPortal = 666F96B82E4F775D007AE674 /* Project object */;
			proxyType = 1;
			remoteGlobalIDString = 6633FB462E81431A00720B21;
			remoteInfo = BetterSelfWidgetExtension;
		};
		666EFD1F2E77D07600F853D3 /* PBXContainerItemProxy */ = {
			isa = PBXContainerItemProxy;
			containerPortal = 666F96B82E4F775D007AE674 /* Project object */;
			proxyType = 1;
			remoteGlobalIDString = 666EFD162E77D07600F853D3;
			remoteInfo = BetterSelfSharing;
		};
/* End PBXContainerItemProxy section */

/* Begin PBXCopyFilesBuildPhase section */
		666EFD222E77D07600F853D3 /* Embed Foundation Extensions */ = {
			isa = PBXCopyFilesBuildPhase;
			buildActionMask = 2147483647;
			dstPath = "";
			dstSubfolderSpec = 13;
			files = (
				6633FB5D2E81431B00720B21 /* BetterSelfWidgetExtension.appex in Embed Foundation Extensions */,
				666EFD212E77D07600F853D3 /* BetterSelfSharing.appex in Embed Foundation Extensions */,
			);
			name = "Embed Foundation Extensions";
			runOnlyForDeploymentPostprocessing = 0;
		};
/* End PBXCopyFilesBuildPhase section */

/* Begin PBXFileReference section */
		6633FB472E81431A00720B21 /* BetterSelfWidgetExtension.appex */ = {isa = PBXFileReference; explicitFileType = "wrapper.app-extension"; includeInIndex = 0; path = BetterSelfWidgetExtension.appex; sourceTree = BUILT_PRODUCTS_DIR; };
		6633FB492E81431A00720B21 /* WidgetKit.framework */ = {isa = PBXFileReference; lastKnownFileType = wrapper.framework; name = WidgetKit.framework; path = System/Library/Frameworks/WidgetKit.framework; sourceTree = SDKROOT; };
		6633FB4B2E81431A00720B21 /* SwiftUI.framework */ = {isa = PBXFileReference; lastKnownFileType = wrapper.framework; name = SwiftUI.framework; path = System/Library/Frameworks/SwiftUI.framework; sourceTree = SDKROOT; };
		6633FB672E81535E00720B21 /* BetterSelfWidgetExtension.entitlements */ = {isa = PBXFileReference; lastKnownFileType = text.plist.entitlements; path = BetterSelfWidgetExtension.entitlements; sourceTree = "<group>"; };
		666EFD172E77D07600F853D3 /* BetterSelfSharing.appex */ = {isa = PBXFileReference; explicitFileType = "wrapper.app-extension"; includeInIndex = 0; path = BetterSelfSharing.appex; sourceTree = BUILT_PRODUCTS_DIR; };
		666F96C02E4F775D007AE674 /* BetterSelf.app */ = {isa = PBXFileReference; explicitFileType = wrapper.application; includeInIndex = 0; path = BetterSelf.app; sourceTree = BUILT_PRODUCTS_DIR; };
/* End PBXFileReference section */

/* Begin PBXFileSystemSynchronizedBuildFileExceptionSet section */
		6633FB612E81431B00720B21 /* Exceptions for "BetterSelfWidget" folder in "BetterSelfWidgetExtension" target */ = {
			isa = PBXFileSystemSynchronizedBuildFileExceptionSet;
			membershipExceptions = (
				Info.plist,
			);
			target = 6633FB462E81431A00720B21 /* BetterSelfWidgetExtension */;
		};
		6633FB632E8149B500720B21 /* Exceptions for "BetterSelf" folder in "BetterSelfWidgetExtension" target */ = {
			isa = PBXFileSystemSynchronizedBuildFileExceptionSet;
			membershipExceptions = (
				Folder/Folder.swift,
				Folder/Sorting.swift,
				ReminderView/Reminder.swift,
				Utils/CustomColors.swift,
			);
			target = 6633FB462E81431A00720B21 /* BetterSelfWidgetExtension */;
		};
		6665DE072E9B9838001D5655 /* Exceptions for "BetterSelfWidget" folder in "BetterSelf" target */ = {
			isa = PBXFileSystemSynchronizedBuildFileExceptionSet;
			membershipExceptions = (
				Thumbnail.swift,
			);
			target = 666F96BF2E4F775D007AE674 /* BetterSelf */;
		};
		666EFD252E77D07600F853D3 /* Exceptions for "BetterSelfSharing" folder in "BetterSelfSharing" target */ = {
			isa = PBXFileSystemSynchronizedBuildFileExceptionSet;
			membershipExceptions = (
				Info.plist,
			);
			target = 666EFD162E77D07600F853D3 /* BetterSelfSharing */;
		};
		667E327A2E78710C00D0E164 /* Exceptions for "BetterSelf" folder in "BetterSelf" target */ = {
			isa = PBXFileSystemSynchronizedBuildFileExceptionSet;
			membershipExceptions = (
				Info.plist,
			);
			target = 666F96BF2E4F775D007AE674 /* BetterSelf */;
		};
/* End PBXFileSystemSynchronizedBuildFileExceptionSet section */

/* Begin PBXFileSystemSynchronizedRootGroup section */
		6633FB4D2E81431A00720B21 /* BetterSelfWidget */ = {
			isa = PBXFileSystemSynchronizedRootGroup;
			exceptions = (
				6665DE072E9B9838001D5655 /* Exceptions for "BetterSelfWidget" folder in "BetterSelf" target */,
				6633FB612E81431B00720B21 /* Exceptions for "BetterSelfWidget" folder in "BetterSelfWidgetExtension" target */,
			);
			path = BetterSelfWidget;
			sourceTree = "<group>";
		};
		666EFD182E77D07600F853D3 /* BetterSelfSharing */ = {
			isa = PBXFileSystemSynchronizedRootGroup;
			exceptions = (
				666EFD252E77D07600F853D3 /* Exceptions for "BetterSelfSharing" folder in "BetterSelfSharing" target */,
			);
			path = BetterSelfSharing;
			sourceTree = "<group>";
		};
		666F96C22E4F775D007AE674 /* BetterSelf */ = {
			isa = PBXFileSystemSynchronizedRootGroup;
			exceptions = (
				667E327A2E78710C00D0E164 /* Exceptions for "BetterSelf" folder in "BetterSelf" target */,
				6633FB632E8149B500720B21 /* Exceptions for "BetterSelf" folder in "BetterSelfWidgetExtension" target */,
			);
			path = BetterSelf;
			sourceTree = "<group>";
		};
/* End PBXFileSystemSynchronizedRootGroup section */

/* Begin PBXFrameworksBuildPhase section */
		6633FB442E81431A00720B21 /* Frameworks */ = {
			isa = PBXFrameworksBuildPhase;
			buildActionMask = 2147483647;
			files = (
				6633FB4C2E81431A00720B21 /* SwiftUI.framework in Frameworks */,
				6633FB4A2E81431A00720B21 /* WidgetKit.framework in Frameworks */,
			);
			runOnlyForDeploymentPostprocessing = 0;
		};
		666EFD142E77D07600F853D3 /* Frameworks */ = {
			isa = PBXFrameworksBuildPhase;
			buildActionMask = 2147483647;
			files = (
			);
			runOnlyForDeploymentPostprocessing = 0;
		};
		666F96BD2E4F775D007AE674 /* Frameworks */ = {
			isa = PBXFrameworksBuildPhase;
			buildActionMask = 2147483647;
			files = (
				668A864A2E811B23003D8DE7 /* YouTubePlayerKit in Frameworks */,
				6678C68D2E5453DB00C80E8F /* FirebaseAnalytics in Frameworks */,
				6678C6992E545CDB00C80E8F /* FirebaseCore in Frameworks */,
				6678C68F2E5454D200C80E8F /* FirebaseStorage in Frameworks */,
				66A705112E79C5750007E1FE /* FirebaseAuth in Frameworks */,
			);
			runOnlyForDeploymentPostprocessing = 0;
		};
/* End PBXFrameworksBuildPhase section */

/* Begin PBXGroup section */
		6633FB482E81431A00720B21 /* Frameworks */ = {
			isa = PBXGroup;
			children = (
				6633FB492E81431A00720B21 /* WidgetKit.framework */,
				6633FB4B2E81431A00720B21 /* SwiftUI.framework */,
			);
			name = Frameworks;
			sourceTree = "<group>";
		};
		666F96B72E4F775D007AE674 = {
			isa = PBXGroup;
			children = (
				6633FB672E81535E00720B21 /* BetterSelfWidgetExtension.entitlements */,
				666F96C22E4F775D007AE674 /* BetterSelf */,
				666EFD182E77D07600F853D3 /* BetterSelfSharing */,
				6633FB4D2E81431A00720B21 /* BetterSelfWidget */,
				6633FB482E81431A00720B21 /* Frameworks */,
				666F96C12E4F775D007AE674 /* Products */,
			);
			sourceTree = "<group>";
		};
		666F96C12E4F775D007AE674 /* Products */ = {
			isa = PBXGroup;
			children = (
				666F96C02E4F775D007AE674 /* BetterSelf.app */,
				666EFD172E77D07600F853D3 /* BetterSelfSharing.appex */,
				6633FB472E81431A00720B21 /* BetterSelfWidgetExtension.appex */,
			);
			name = Products;
			sourceTree = "<group>";
		};
/* End PBXGroup section */

/* Begin PBXNativeTarget section */
		6633FB462E81431A00720B21 /* BetterSelfWidgetExtension */ = {
			isa = PBXNativeTarget;
			buildConfigurationList = 6633FB602E81431B00720B21 /* Build configuration list for PBXNativeTarget "BetterSelfWidgetExtension" */;
			buildPhases = (
				6633FB432E81431A00720B21 /* Sources */,
				6633FB442E81431A00720B21 /* Frameworks */,
				6633FB452E81431A00720B21 /* Resources */,
			);
			buildRules = (
			);
			dependencies = (
			);
			fileSystemSynchronizedGroups = (
				6633FB4D2E81431A00720B21 /* BetterSelfWidget */,
			);
			name = BetterSelfWidgetExtension;
			packageProductDependencies = (
			);
			productName = BetterSelfWidgetExtension;
			productReference = 6633FB472E81431A00720B21 /* BetterSelfWidgetExtension.appex */;
			productType = "com.apple.product-type.app-extension";
		};
		666EFD162E77D07600F853D3 /* BetterSelfSharing */ = {
			isa = PBXNativeTarget;
			buildConfigurationList = 666EFD262E77D07600F853D3 /* Build configuration list for PBXNativeTarget "BetterSelfSharing" */;
			buildPhases = (
				666EFD132E77D07600F853D3 /* Sources */,
				666EFD142E77D07600F853D3 /* Frameworks */,
				666EFD152E77D07600F853D3 /* Resources */,
			);
			buildRules = (
			);
			dependencies = (
			);
			fileSystemSynchronizedGroups = (
				666EFD182E77D07600F853D3 /* BetterSelfSharing */,
			);
			name = BetterSelfSharing;
			packageProductDependencies = (
			);
			productName = BetterSelfSharing;
			productReference = 666EFD172E77D07600F853D3 /* BetterSelfSharing.appex */;
			productType = "com.apple.product-type.app-extension";
		};
		666F96BF2E4F775D007AE674 /* BetterSelf */ = {
			isa = PBXNativeTarget;
			buildConfigurationList = 666F96CB2E4F775F007AE674 /* Build configuration list for PBXNativeTarget "BetterSelf" */;
			buildPhases = (
				666F96BC2E4F775D007AE674 /* Sources */,
				666F96BD2E4F775D007AE674 /* Frameworks */,
				666F96BE2E4F775D007AE674 /* Resources */,
				666EFD222E77D07600F853D3 /* Embed Foundation Extensions */,
			);
			buildRules = (
			);
			dependencies = (
				666EFD202E77D07600F853D3 /* PBXTargetDependency */,
				6633FB5C2E81431B00720B21 /* PBXTargetDependency */,
			);
			fileSystemSynchronizedGroups = (
				666F96C22E4F775D007AE674 /* BetterSelf */,
			);
			name = BetterSelf;
			packageProductDependencies = (
				6678C68C2E5453DB00C80E8F /* FirebaseAnalytics */,
				6678C68E2E5454D200C80E8F /* FirebaseStorage */,
				6678C6982E545CDB00C80E8F /* FirebaseCore */,
				66A705102E79C5750007E1FE /* FirebaseAuth */,
				668A86492E811B23003D8DE7 /* YouTubePlayerKit */,
			);
			productName = BetterSelf;
			productReference = 666F96C02E4F775D007AE674 /* BetterSelf.app */;
			productType = "com.apple.product-type.application";
		};
/* End PBXNativeTarget section */

/* Begin PBXProject section */
		666F96B82E4F775D007AE674 /* Project object */ = {
			isa = PBXProject;
			attributes = {
				BuildIndependentTargetsInParallel = 1;
				LastSwiftUpdateCheck = 2600;
				LastUpgradeCheck = 2600;
				TargetAttributes = {
					6633FB462E81431A00720B21 = {
						CreatedOnToolsVersion = 26.0;
					};
					666EFD162E77D07600F853D3 = {
						CreatedOnToolsVersion = 16.4;
					};
					666F96BF2E4F775D007AE674 = {
						CreatedOnToolsVersion = 16.4;
					};
				};
			};
			buildConfigurationList = 666F96BB2E4F775D007AE674 /* Build configuration list for PBXProject "BetterSelf" */;
			developmentRegion = en;
			hasScannedForEncodings = 0;
			knownRegions = (
				en,
				Base,
			);
			mainGroup = 666F96B72E4F775D007AE674;
			minimizedProjectReferenceProxies = 1;
			packageReferences = (
				6678C68B2E5453DB00C80E8F /* XCRemoteSwiftPackageReference "firebase-ios-sdk" */,
				668A86482E811B23003D8DE7 /* XCRemoteSwiftPackageReference "YouTubePlayerKit" */,
			);
			preferredProjectObjectVersion = 77;
			productRefGroup = 666F96C12E4F775D007AE674 /* Products */;
			projectDirPath = "";
			projectRoot = "";
			targets = (
				666F96BF2E4F775D007AE674 /* BetterSelf */,
				666EFD162E77D07600F853D3 /* BetterSelfSharing */,
				6633FB462E81431A00720B21 /* BetterSelfWidgetExtension */,
			);
		};
/* End PBXProject section */

/* Begin PBXResourcesBuildPhase section */
		6633FB452E81431A00720B21 /* Resources */ = {
			isa = PBXResourcesBuildPhase;
			buildActionMask = 2147483647;
			files = (
			);
			runOnlyForDeploymentPostprocessing = 0;
		};
		666EFD152E77D07600F853D3 /* Resources */ = {
			isa = PBXResourcesBuildPhase;
			buildActionMask = 2147483647;
			files = (
			);
			runOnlyForDeploymentPostprocessing = 0;
		};
		666F96BE2E4F775D007AE674 /* Resources */ = {
			isa = PBXResourcesBuildPhase;
			buildActionMask = 2147483647;
			files = (
			);
			runOnlyForDeploymentPostprocessing = 0;
		};
/* End PBXResourcesBuildPhase section */

/* Begin PBXSourcesBuildPhase section */
		6633FB432E81431A00720B21 /* Sources */ = {
			isa = PBXSourcesBuildPhase;
			buildActionMask = 2147483647;
			files = (
			);
			runOnlyForDeploymentPostprocessing = 0;
		};
		666EFD132E77D07600F853D3 /* Sources */ = {
			isa = PBXSourcesBuildPhase;
			buildActionMask = 2147483647;
			files = (
			);
			runOnlyForDeploymentPostprocessing = 0;
		};
		666F96BC2E4F775D007AE674 /* Sources */ = {
			isa = PBXSourcesBuildPhase;
			buildActionMask = 2147483647;
			files = (
			);
			runOnlyForDeploymentPostprocessing = 0;
		};
/* End PBXSourcesBuildPhase section */

/* Begin PBXTargetDependency section */
		6633FB5C2E81431B00720B21 /* PBXTargetDependency */ = {
			isa = PBXTargetDependency;
			target = 6633FB462E81431A00720B21 /* BetterSelfWidgetExtension */;
			targetProxy = 6633FB5B2E81431B00720B21 /* PBXContainerItemProxy */;
		};
		666EFD202E77D07600F853D3 /* PBXTargetDependency */ = {
			isa = PBXTargetDependency;
			target = 666EFD162E77D07600F853D3 /* BetterSelfSharing */;
			targetProxy = 666EFD1F2E77D07600F853D3 /* PBXContainerItemProxy */;
		};
/* End PBXTargetDependency section */

/* Begin XCBuildConfiguration section */
		6633FB5E2E81431B00720B21 /* Debug */ = {
			isa = XCBuildConfiguration;
			buildSettings = {
				ASSETCATALOG_COMPILER_GLOBAL_ACCENT_COLOR_NAME = AccentColor;
				ASSETCATALOG_COMPILER_WIDGET_BACKGROUND_COLOR_NAME = WidgetBackground;
				CODE_SIGN_ENTITLEMENTS = BetterSelfWidgetExtension.entitlements;
				CODE_SIGN_STYLE = Automatic;
				CURRENT_PROJECT_VERSION = 1.4;
				DEVELOPMENT_TEAM = BQ5Q73876K;
				GENERATE_INFOPLIST_FILE = YES;
				INFOPLIST_FILE = BetterSelfWidget/Info.plist;
				INFOPLIST_KEY_CFBundleDisplayName = BetterSelfWidget;
				INFOPLIST_KEY_LSSupportsOpeningDocumentsInPlace = YES;
				INFOPLIST_KEY_NSHumanReadableCopyright = "";
				IPHONEOS_DEPLOYMENT_TARGET = 17.0;
				LD_RUNPATH_SEARCH_PATHS = (
					"$(inherited)",
					"@executable_path/Frameworks",
					"@executable_path/../../Frameworks",
				);
				MARKETING_VERSION = 1.4;
				PRODUCT_BUNDLE_IDENTIFIER = Adam.BetterSelf.BetterSelfWidget;
				PRODUCT_NAME = "$(TARGET_NAME)";
				SKIP_INSTALL = YES;
				STRING_CATALOG_GENERATE_SYMBOLS = YES;
				SWIFT_APPROACHABLE_CONCURRENCY = YES;
				SWIFT_EMIT_LOC_STRINGS = YES;
				SWIFT_UPCOMING_FEATURE_MEMBER_IMPORT_VISIBILITY = YES;
				SWIFT_VERSION = 5.0;
				TARGETED_DEVICE_FAMILY = "1,2";
			};
			name = Debug;
		};
		6633FB5F2E81431B00720B21 /* Release */ = {
			isa = XCBuildConfiguration;
			buildSettings = {
				ASSETCATALOG_COMPILER_GLOBAL_ACCENT_COLOR_NAME = AccentColor;
				ASSETCATALOG_COMPILER_WIDGET_BACKGROUND_COLOR_NAME = WidgetBackground;
				CODE_SIGN_ENTITLEMENTS = BetterSelfWidgetExtension.entitlements;
				CODE_SIGN_STYLE = Automatic;
				CURRENT_PROJECT_VERSION = 1.4;
				DEVELOPMENT_TEAM = BQ5Q73876K;
				GENERATE_INFOPLIST_FILE = YES;
				INFOPLIST_FILE = BetterSelfWidget/Info.plist;
				INFOPLIST_KEY_CFBundleDisplayName = BetterSelfWidget;
				INFOPLIST_KEY_LSSupportsOpeningDocumentsInPlace = YES;
				INFOPLIST_KEY_NSHumanReadableCopyright = "";
				IPHONEOS_DEPLOYMENT_TARGET = 17.0;
				LD_RUNPATH_SEARCH_PATHS = (
					"$(inherited)",
					"@executable_path/Frameworks",
					"@executable_path/../../Frameworks",
				);
				MARKETING_VERSION = 1.4;
				PRODUCT_BUNDLE_IDENTIFIER = Adam.BetterSelf.BetterSelfWidget;
				PRODUCT_NAME = "$(TARGET_NAME)";
				SKIP_INSTALL = YES;
				STRING_CATALOG_GENERATE_SYMBOLS = YES;
				SWIFT_APPROACHABLE_CONCURRENCY = YES;
				SWIFT_EMIT_LOC_STRINGS = YES;
				SWIFT_UPCOMING_FEATURE_MEMBER_IMPORT_VISIBILITY = YES;
				SWIFT_VERSION = 5.0;
				TARGETED_DEVICE_FAMILY = "1,2";
			};
			name = Release;
		};
		666EFD232E77D07600F853D3 /* Debug */ = {
			isa = XCBuildConfiguration;
			buildSettings = {
				CODE_SIGN_ENTITLEMENTS = BetterSelfSharing/BetterSelfSharing.entitlements;
				CODE_SIGN_STYLE = Automatic;
				CURRENT_PROJECT_VERSION = 1.4;
				DEVELOPMENT_TEAM = BQ5Q73876K;
				GENERATE_INFOPLIST_FILE = YES;
				INFOPLIST_FILE = BetterSelfSharing/Info.plist;
				INFOPLIST_KEY_CFBundleDisplayName = BetterSelfSharing;
				INFOPLIST_KEY_NSHumanReadableCopyright = "";
				IPHONEOS_DEPLOYMENT_TARGET = 17.0;
				LD_RUNPATH_SEARCH_PATHS = (
					"$(inherited)",
					"@executable_path/Frameworks",
					"@executable_path/../../Frameworks",
				);
				MARKETING_VERSION = 1.4;
				PRODUCT_BUNDLE_IDENTIFIER = Adam.BetterSelf.BetterSelfSharing;
				PRODUCT_NAME = "$(TARGET_NAME)";
				SKIP_INSTALL = YES;
				SWIFT_EMIT_LOC_STRINGS = YES;
				SWIFT_VERSION = 5.0;
				TARGETED_DEVICE_FAMILY = "1,2";
			};
			name = Debug;
		};
		666EFD242E77D07600F853D3 /* Release */ = {
			isa = XCBuildConfiguration;
			buildSettings = {
				CODE_SIGN_ENTITLEMENTS = BetterSelfSharing/BetterSelfSharing.entitlements;
				CODE_SIGN_STYLE = Automatic;
				CURRENT_PROJECT_VERSION = 1.4;
				DEVELOPMENT_TEAM = BQ5Q73876K;
				GENERATE_INFOPLIST_FILE = YES;
				INFOPLIST_FILE = BetterSelfSharing/Info.plist;
				INFOPLIST_KEY_CFBundleDisplayName = BetterSelfSharing;
				INFOPLIST_KEY_NSHumanReadableCopyright = "";
				IPHONEOS_DEPLOYMENT_TARGET = 17.0;
				LD_RUNPATH_SEARCH_PATHS = (
					"$(inherited)",
					"@executable_path/Frameworks",
					"@executable_path/../../Frameworks",
				);
				MARKETING_VERSION = 1.4;
				PRODUCT_BUNDLE_IDENTIFIER = Adam.BetterSelf.BetterSelfSharing;
				PRODUCT_NAME = "$(TARGET_NAME)";
				SKIP_INSTALL = YES;
				SWIFT_EMIT_LOC_STRINGS = YES;
				SWIFT_VERSION = 5.0;
				TARGETED_DEVICE_FAMILY = "1,2";
			};
			name = Release;
		};
		666F96C92E4F775F007AE674 /* Debug */ = {
			isa = XCBuildConfiguration;
			buildSettings = {
				ALWAYS_SEARCH_USER_PATHS = NO;
				ASSETCATALOG_COMPILER_GENERATE_SWIFT_ASSET_SYMBOL_EXTENSIONS = YES;
				CLANG_ANALYZER_NONNULL = YES;
				CLANG_ANALYZER_NUMBER_OBJECT_CONVERSION = YES_AGGRESSIVE;
				CLANG_CXX_LANGUAGE_STANDARD = "gnu++20";
				CLANG_ENABLE_MODULES = YES;
				CLANG_ENABLE_OBJC_ARC = YES;
				CLANG_ENABLE_OBJC_WEAK = YES;
				CLANG_WARN_BLOCK_CAPTURE_AUTORELEASING = YES;
				CLANG_WARN_BOOL_CONVERSION = YES;
				CLANG_WARN_COMMA = YES;
				CLANG_WARN_CONSTANT_CONVERSION = YES;
				CLANG_WARN_DEPRECATED_OBJC_IMPLEMENTATIONS = YES;
				CLANG_WARN_DIRECT_OBJC_ISA_USAGE = YES_ERROR;
				CLANG_WARN_DOCUMENTATION_COMMENTS = YES;
				CLANG_WARN_EMPTY_BODY = YES;
				CLANG_WARN_ENUM_CONVERSION = YES;
				CLANG_WARN_INFINITE_RECURSION = YES;
				CLANG_WARN_INT_CONVERSION = YES;
				CLANG_WARN_NON_LITERAL_NULL_CONVERSION = YES;
				CLANG_WARN_OBJC_IMPLICIT_RETAIN_SELF = YES;
				CLANG_WARN_OBJC_LITERAL_CONVERSION = YES;
				CLANG_WARN_OBJC_ROOT_CLASS = YES_ERROR;
				CLANG_WARN_QUOTED_INCLUDE_IN_FRAMEWORK_HEADER = YES;
				CLANG_WARN_RANGE_LOOP_ANALYSIS = YES;
				CLANG_WARN_STRICT_PROTOTYPES = YES;
				CLANG_WARN_SUSPICIOUS_MOVE = YES;
				CLANG_WARN_UNGUARDED_AVAILABILITY = YES_AGGRESSIVE;
				CLANG_WARN_UNREACHABLE_CODE = YES;
				CLANG_WARN__DUPLICATE_METHOD_MATCH = YES;
				COPY_PHASE_STRIP = NO;
				DEBUG_INFORMATION_FORMAT = dwarf;
				DEVELOPMENT_TEAM = BQ5Q73876K;
				ENABLE_STRICT_OBJC_MSGSEND = YES;
				ENABLE_TESTABILITY = YES;
				ENABLE_USER_SCRIPT_SANDBOXING = YES;
				EXCLUDED_ARCHS = "";
				GCC_C_LANGUAGE_STANDARD = gnu17;
				GCC_DYNAMIC_NO_PIC = NO;
				GCC_NO_COMMON_BLOCKS = YES;
				GCC_OPTIMIZATION_LEVEL = 0;
				GCC_PREPROCESSOR_DEFINITIONS = (
					"DEBUG=1",
					"$(inherited)",
				);
				GCC_WARN_64_TO_32_BIT_CONVERSION = YES;
				GCC_WARN_ABOUT_RETURN_TYPE = YES_ERROR;
				GCC_WARN_UNDECLARED_SELECTOR = YES;
				GCC_WARN_UNINITIALIZED_AUTOS = YES_AGGRESSIVE;
				GCC_WARN_UNUSED_FUNCTION = YES;
				GCC_WARN_UNUSED_VARIABLE = YES;
				INFOPLIST_KEY_LSSupportsOpeningDocumentsInPlace = YES;
				IPHONEOS_DEPLOYMENT_TARGET = 17.6;
				LOCALIZATION_PREFERS_STRING_CATALOGS = YES;
				MTL_ENABLE_DEBUG_INFO = INCLUDE_SOURCE;
				MTL_FAST_MATH = YES;
				ONLY_ACTIVE_ARCH = YES;
				SDKROOT = iphoneos;
				STRING_CATALOG_GENERATE_SYMBOLS = YES;
				SWIFT_ACTIVE_COMPILATION_CONDITIONS = "DEBUG $(inherited)";
				SWIFT_OPTIMIZATION_LEVEL = "-Onone";
			};
			name = Debug;
		};
		666F96CA2E4F775F007AE674 /* Release */ = {
			isa = XCBuildConfiguration;
			buildSettings = {
				ALWAYS_SEARCH_USER_PATHS = NO;
				ASSETCATALOG_COMPILER_GENERATE_SWIFT_ASSET_SYMBOL_EXTENSIONS = YES;
				CLANG_ANALYZER_NONNULL = YES;
				CLANG_ANALYZER_NUMBER_OBJECT_CONVERSION = YES_AGGRESSIVE;
				CLANG_CXX_LANGUAGE_STANDARD = "gnu++20";
				CLANG_ENABLE_MODULES = YES;
				CLANG_ENABLE_OBJC_ARC = YES;
				CLANG_ENABLE_OBJC_WEAK = YES;
				CLANG_WARN_BLOCK_CAPTURE_AUTORELEASING = YES;
				CLANG_WARN_BOOL_CONVERSION = YES;
				CLANG_WARN_COMMA = YES;
				CLANG_WARN_CONSTANT_CONVERSION = YES;
				CLANG_WARN_DEPRECATED_OBJC_IMPLEMENTATIONS = YES;
				CLANG_WARN_DIRECT_OBJC_ISA_USAGE = YES_ERROR;
				CLANG_WARN_DOCUMENTATION_COMMENTS = YES;
				CLANG_WARN_EMPTY_BODY = YES;
				CLANG_WARN_ENUM_CONVERSION = YES;
				CLANG_WARN_INFINITE_RECURSION = YES;
				CLANG_WARN_INT_CONVERSION = YES;
				CLANG_WARN_NON_LITERAL_NULL_CONVERSION = YES;
				CLANG_WARN_OBJC_IMPLICIT_RETAIN_SELF = YES;
				CLANG_WARN_OBJC_LITERAL_CONVERSION = YES;
				CLANG_WARN_OBJC_ROOT_CLASS = YES_ERROR;
				CLANG_WARN_QUOTED_INCLUDE_IN_FRAMEWORK_HEADER = YES;
				CLANG_WARN_RANGE_LOOP_ANALYSIS = YES;
				CLANG_WARN_STRICT_PROTOTYPES = YES;
				CLANG_WARN_SUSPICIOUS_MOVE = YES;
				CLANG_WARN_UNGUARDED_AVAILABILITY = YES_AGGRESSIVE;
				CLANG_WARN_UNREACHABLE_CODE = YES;
				CLANG_WARN__DUPLICATE_METHOD_MATCH = YES;
				COPY_PHASE_STRIP = NO;
				DEBUG_INFORMATION_FORMAT = "dwarf-with-dsym";
				DEVELOPMENT_TEAM = BQ5Q73876K;
				ENABLE_NS_ASSERTIONS = NO;
				ENABLE_STRICT_OBJC_MSGSEND = YES;
				ENABLE_USER_SCRIPT_SANDBOXING = YES;
				EXCLUDED_ARCHS = "";
				GCC_C_LANGUAGE_STANDARD = gnu17;
				GCC_NO_COMMON_BLOCKS = YES;
				GCC_WARN_64_TO_32_BIT_CONVERSION = YES;
				GCC_WARN_ABOUT_RETURN_TYPE = YES_ERROR;
				GCC_WARN_UNDECLARED_SELECTOR = YES;
				GCC_WARN_UNINITIALIZED_AUTOS = YES_AGGRESSIVE;
				GCC_WARN_UNUSED_FUNCTION = YES;
				GCC_WARN_UNUSED_VARIABLE = YES;
				INFOPLIST_KEY_LSSupportsOpeningDocumentsInPlace = YES;
				IPHONEOS_DEPLOYMENT_TARGET = 17.6;
				LOCALIZATION_PREFERS_STRING_CATALOGS = YES;
				MTL_ENABLE_DEBUG_INFO = NO;
				MTL_FAST_MATH = YES;
				SDKROOT = iphoneos;
				STRING_CATALOG_GENERATE_SYMBOLS = YES;
				SWIFT_COMPILATION_MODE = wholemodule;
				VALIDATE_PRODUCT = YES;
			};
			name = Release;
		};
		666F96CC2E4F775F007AE674 /* Debug */ = {
			isa = XCBuildConfiguration;
			buildSettings = {
				ASSETCATALOG_COMPILER_ALTERNATE_APPICON_NAMES = "AlternateIconSet2 AlternateIconSet1";
				ASSETCATALOG_COMPILER_APPICON_NAME = AppIcon;
				ASSETCATALOG_COMPILER_GLOBAL_ACCENT_COLOR_NAME = AccentColor;
				ASSETCATALOG_COMPILER_INCLUDE_ALL_APPICON_ASSETS = YES;
				CODE_SIGN_ENTITLEMENTS = BetterSelf/BetterSelf.entitlements;
				CODE_SIGN_STYLE = Automatic;
				CURRENT_PROJECT_VERSION = 1.4;
				DEVELOPMENT_TEAM = BQ5Q73876K;
				ENABLE_PREVIEWS = YES;
				GENERATE_INFOPLIST_FILE = YES;
				INFOPLIST_FILE = BetterSelf/Info.plist;
				INFOPLIST_KEY_CFBundleDisplayName = BetterSelf;
				INFOPLIST_KEY_ITSAppUsesNonExemptEncryption = NO;
				INFOPLIST_KEY_LSApplicationCategoryType = "public.app-category.education";
				INFOPLIST_KEY_LSSupportsOpeningDocumentsInPlace = YES;
				INFOPLIST_KEY_NSCameraUsageDescription = "BetterSelf needs camera access to record video reminders that help you remember important ideas and insights.";
				INFOPLIST_KEY_NSFaceIDUsageDescription = "Please authenticate yourself to unlock your reminders.";
				INFOPLIST_KEY_NSMicrophoneUsageDescription = "BetterSelf needs microphone access to record audio with your video reminders for a complete recording experience.";
				INFOPLIST_KEY_NSPhotoLibraryAddUsageDescription = "We need to be able to add to Photos Library to enable the Quick Add Feature.";
				INFOPLIST_KEY_NSPhotoLibraryUsageDescription = "We need access to your Photos to play videos and show images.";
				INFOPLIST_KEY_UIApplicationSceneManifest_Generation = YES;
				INFOPLIST_KEY_UIApplicationSupportsIndirectInputEvents = YES;
				INFOPLIST_KEY_UILaunchScreen_Generation = YES;
				INFOPLIST_KEY_UIRequiresFullScreen = YES;
				INFOPLIST_KEY_UISupportedInterfaceOrientations = UIInterfaceOrientationPortrait;
				IPHONEOS_DEPLOYMENT_TARGET = 17.0;
				LD_RUNPATH_SEARCH_PATHS = (
					"$(inherited)",
					"@executable_path/Frameworks",
				);
				MARKETING_VERSION = 1.4;
				PRODUCT_BUNDLE_IDENTIFIER = Adam.BetterSelf;
				PRODUCT_NAME = "$(TARGET_NAME)";
				SUPPORTED_PLATFORMS = "iphoneos iphonesimulator";
				SUPPORTS_MACCATALYST = NO;
				SUPPORTS_MAC_DESIGNED_FOR_IPHONE_IPAD = NO;
				SUPPORTS_XR_DESIGNED_FOR_IPHONE_IPAD = NO;
				SWIFT_EMIT_LOC_STRINGS = YES;
				SWIFT_VERSION = 5.0;
				TARGETED_DEVICE_FAMILY = "1,2";
			};
			name = Debug;
		};
		666F96CD2E4F775F007AE674 /* Release */ = {
			isa = XCBuildConfiguration;
			buildSettings = {
				ASSETCATALOG_COMPILER_ALTERNATE_APPICON_NAMES = "AlternateIconSet2 AlternateIconSet1";
				ASSETCATALOG_COMPILER_APPICON_NAME = AppIcon;
				ASSETCATALOG_COMPILER_GLOBAL_ACCENT_COLOR_NAME = AccentColor;
				ASSETCATALOG_COMPILER_INCLUDE_ALL_APPICON_ASSETS = YES;
				CODE_SIGN_ENTITLEMENTS = BetterSelf/BetterSelf.entitlements;
				CODE_SIGN_STYLE = Automatic;
				CURRENT_PROJECT_VERSION = 1.4;
				DEVELOPMENT_TEAM = BQ5Q73876K;
				ENABLE_PREVIEWS = YES;
				GENERATE_INFOPLIST_FILE = YES;
				INFOPLIST_FILE = BetterSelf/Info.plist;
				INFOPLIST_KEY_CFBundleDisplayName = BetterSelf;
				INFOPLIST_KEY_ITSAppUsesNonExemptEncryption = NO;
				INFOPLIST_KEY_LSApplicationCategoryType = "public.app-category.education";
				INFOPLIST_KEY_LSSupportsOpeningDocumentsInPlace = YES;
				INFOPLIST_KEY_NSCameraUsageDescription = "BetterSelf needs camera access to record video reminders that help you remember important ideas and insights.";
				INFOPLIST_KEY_NSFaceIDUsageDescription = "Please authenticate yourself to unlock your reminders.";
				INFOPLIST_KEY_NSMicrophoneUsageDescription = "BetterSelf needs microphone access to record audio with your video reminders for a complete recording experience.";
				INFOPLIST_KEY_NSPhotoLibraryAddUsageDescription = "We need to be able to add to Photos Library to enable the Quick Add Feature.";
				INFOPLIST_KEY_NSPhotoLibraryUsageDescription = "We need access to your Photos to play videos and show images.";
				INFOPLIST_KEY_UIApplicationSceneManifest_Generation = YES;
				INFOPLIST_KEY_UIApplicationSupportsIndirectInputEvents = YES;
				INFOPLIST_KEY_UILaunchScreen_Generation = YES;
				INFOPLIST_KEY_UIRequiresFullScreen = YES;
				INFOPLIST_KEY_UISupportedInterfaceOrientations = UIInterfaceOrientationPortrait;
				IPHONEOS_DEPLOYMENT_TARGET = 17.0;
				LD_RUNPATH_SEARCH_PATHS = (
					"$(inherited)",
					"@executable_path/Frameworks",
				);
				MARKETING_VERSION = 1.4;
				PRODUCT_BUNDLE_IDENTIFIER = Adam.BetterSelf;
				PRODUCT_NAME = "$(TARGET_NAME)";
				SUPPORTED_PLATFORMS = "iphoneos iphonesimulator";
				SUPPORTS_MACCATALYST = NO;
				SUPPORTS_MAC_DESIGNED_FOR_IPHONE_IPAD = NO;
				SUPPORTS_XR_DESIGNED_FOR_IPHONE_IPAD = NO;
				SWIFT_EMIT_LOC_STRINGS = YES;
				SWIFT_VERSION = 5.0;
				TARGETED_DEVICE_FAMILY = "1,2";
			};
			name = Release;
		};
/* End XCBuildConfiguration section */

/* Begin XCConfigurationList section */
		6633FB602E81431B00720B21 /* Build configuration list for PBXNativeTarget "BetterSelfWidgetExtension" */ = {
			isa = XCConfigurationList;
			buildConfigurations = (
				6633FB5E2E81431B00720B21 /* Debug */,
				6633FB5F2E81431B00720B21 /* Release */,
			);
			defaultConfigurationIsVisible = 0;
			defaultConfigurationName = Release;
		};
		666EFD262E77D07600F853D3 /* Build configuration list for PBXNativeTarget "BetterSelfSharing" */ = {
			isa = XCConfigurationList;
			buildConfigurations = (
				666EFD232E77D07600F853D3 /* Debug */,
				666EFD242E77D07600F853D3 /* Release */,
			);
			defaultConfigurationIsVisible = 0;
			defaultConfigurationName = Release;
		};
		666F96BB2E4F775D007AE674 /* Build configuration list for PBXProject "BetterSelf" */ = {
			isa = XCConfigurationList;
			buildConfigurations = (
				666F96C92E4F775F007AE674 /* Debug */,
				666F96CA2E4F775F007AE674 /* Release */,
			);
			defaultConfigurationIsVisible = 0;
			defaultConfigurationName = Release;
		};
		666F96CB2E4F775F007AE674 /* Build configuration list for PBXNativeTarget "BetterSelf" */ = {
			isa = XCConfigurationList;
			buildConfigurations = (
				666F96CC2E4F775F007AE674 /* Debug */,
				666F96CD2E4F775F007AE674 /* Release */,
			);
			defaultConfigurationIsVisible = 0;
			defaultConfigurationName = Release;
		};
/* End XCConfigurationList section */

/* Begin XCRemoteSwiftPackageReference section */
		6678C68B2E5453DB00C80E8F /* XCRemoteSwiftPackageReference "firebase-ios-sdk" */ = {
			isa = XCRemoteSwiftPackageReference;
			repositoryURL = "https://github.com/firebase/firebase-ios-sdk";
			requirement = {
				kind = upToNextMajorVersion;
				minimumVersion = 12.1.0;
			};
		};
		668A86482E811B23003D8DE7 /* XCRemoteSwiftPackageReference "YouTubePlayerKit" */ = {
			isa = XCRemoteSwiftPackageReference;
			repositoryURL = "https://github.com/SvenTiigi/YouTubePlayerKit";
			requirement = {
				kind = upToNextMajorVersion;
				minimumVersion = 2.0.2;
			};
		};
/* End XCRemoteSwiftPackageReference section */

/* Begin XCSwiftPackageProductDependency section */
		6678C68C2E5453DB00C80E8F /* FirebaseAnalytics */ = {
			isa = XCSwiftPackageProductDependency;
			package = 6678C68B2E5453DB00C80E8F /* XCRemoteSwiftPackageReference "firebase-ios-sdk" */;
			productName = FirebaseAnalytics;
		};
		6678C68E2E5454D200C80E8F /* FirebaseStorage */ = {
			isa = XCSwiftPackageProductDependency;
			package = 6678C68B2E5453DB00C80E8F /* XCRemoteSwiftPackageReference "firebase-ios-sdk" */;
			productName = FirebaseStorage;
		};
		6678C6982E545CDB00C80E8F /* FirebaseCore */ = {
			isa = XCSwiftPackageProductDependency;
			package = 6678C68B2E5453DB00C80E8F /* XCRemoteSwiftPackageReference "firebase-ios-sdk" */;
			productName = FirebaseCore;
		};
		668A86492E811B23003D8DE7 /* YouTubePlayerKit */ = {
			isa = XCSwiftPackageProductDependency;
			package = 668A86482E811B23003D8DE7 /* XCRemoteSwiftPackageReference "YouTubePlayerKit" */;
			productName = YouTubePlayerKit;
		};
		66A705102E79C5750007E1FE /* FirebaseAuth */ = {
			isa = XCSwiftPackageProductDependency;
			package = 6678C68B2E5453DB00C80E8F /* XCRemoteSwiftPackageReference "firebase-ios-sdk" */;
			productName = FirebaseAuth;
		};
/* End XCSwiftPackageProductDependency section */
	};
	rootObject = 666F96B82E4F775D007AE674 /* Project object */;
}
